
Microsoft Visual Studio Solution File, Format Version 12.00
# Visual Studio 14
VisualStudioVersion = 14.0.23107.0
MinimumVisualStudioVersion = 10.0.40219.1
Project("{FAE04EC0-301F-11D3-BF4B-00C04F79EFBC}") = "ArtistsSystem.Models", "ArtistsSystem.Models\ArtistsSystem.Models.csproj", "{C66240D2-0CA7-4872-89FB-644754B59BA4}"
EndProject
Project("{FAE04EC0-301F-11D3-BF4B-00C04F79EFBC}") = "ArtistsSystem.Data", "ArtistSystem.Data\ArtistsSystem.Data.csproj", "{DBA570FB-1DE2-4651-93F1-8386A39E541F}"
EndProject
Project("{FAE04EC0-301F-11D3-BF4B-00C04F79EFBC}") = "ArtistsSystem.ConsoleClient", "ArtistsSystem.Console\ArtistsSystem.ConsoleClient.csproj", "{32131468-2D81-47AD-A736-18F50ED23A10}"
EndProject
Project("{FAE04EC0-301F-11D3-BF4B-00C04F79EFBC}") = "ArtistsSystem.Services", "ArtistsSystem.Services\ArtistsSystem.Services.csproj", "{BD8D5EC5-3580-4980-A0BF-A64772F57EC3}"
EndProject
Global
	GlobalSection(SolutionConfigurationPlatforms) = preSolution
		Debug|Any CPU = Debug|Any CPU
		Release|Any CPU = Release|Any CPU
	EndGlobalSection
	GlobalSection(ProjectConfigurationPlatforms) = postSolution
		{C66240D2-0CA7-4872-89FB-644754B59BA4}.Debug|Any CPU.ActiveCfg = Debug|Any CPU
		{C66240D2-0CA7-4872-89FB-644754B59BA4}.Debug|Any CPU.Build.0 = Debug|Any CPU
		{C66240D2-0CA7-4872-89FB-644754B59BA4}.Release|Any CPU.ActiveCfg = Release|Any CPU
		{C66240D2-0CA7-4872-89FB-644754B59BA4}.Release|Any CPU.Build.0 = Release|Any CPU
		{DBA570FB-1DE2-4651-93F1-8386A39E541F}.Debug|Any CPU.ActiveCfg = Debug|Any CPU
		{DBA570FB-1DE2-4651-93F1-8386A39E541F}.Debug|Any CPU.Build.0 = Debug|Any CPU
		{DBA570FB-1DE2-4651-93F1-8386A39E541F}.Release|Any CPU.ActiveCfg = Release|Any CPU
		{DBA570FB-1DE2-4651-93F1-8386A39E541F}.Release|Any CPU.Build.0 = Release|Any CPU
		{32131468-2D81-47AD-A736-18F50ED23A10}.Debug|Any CPU.ActiveCfg = Debug|Any CPU
		{32131468-2D81-47AD-A736-18F50ED23A10}.Debug|Any CPU.Build.0 = Debug|Any CPU
		{32131468-2D81-47AD-A736-18F50ED23A10}.Release|Any CPU.ActiveCfg = Release|Any CPU
		{32131468-2D81-47AD-A736-18F50ED23A10}.Release|Any CPU.Build.0 = Release|Any CPU
		{BD8D5EC5-3580-4980-A0BF-A64772F57EC3}.Debug|Any CPU.ActiveCfg = Debug|Any CPU
		{BD8D5EC5-3580-4980-A0BF-A64772F57EC3}.Debug|Any CPU.Build.0 = Debug|Any CPU
		{BD8D5EC5-3580-4980-A0BF-A64772F57EC3}.Release|Any CPU.ActiveCfg = Release|Any CPU
		{BD8D5EC5-3580-4980-A0BF-A64772F57EC3}.Release|Any CPU.Build.0 = Release|Any CPU
	EndGlobalSection
	GlobalSection(SolutionProperties) = preSolution
		HideSolutionNode = FALSE
	EndGlobalSection
EndGlobal
