
Microsoft Visual Studio Solution File, Format Version 12.00
# Visual Studio 14
VisualStudioVersion = 14.0.23107.0
MinimumVisualStudioVersion = 10.0.40219.1
Project("{FAE04EC0-301F-11D3-BF4B-00C04F79EFBC}") = "DateTimeUtilities.Web", "DateTimeUtilities.Web\DateTimeUtilities.Web.csproj", "{3DDDC41A-EA6A-48B4-9936-AF18C9D0CC03}"
EndProject
Project("{FAE04EC0-301F-11D3-BF4B-00C04F79EFBC}") = "DateTimeUtilities.ConsoleClient", "DateTimeUtilities.ConsoleClient\DateTimeUtilities.ConsoleClient.csproj", "{C5FE26E6-14AA-4061-9858-0643F3FCB96F}"
	ProjectSection(ProjectDependencies) = postProject
		{3DDDC41A-EA6A-48B4-9936-AF18C9D0CC03} = {3DDDC41A-EA6A-48B4-9936-AF18C9D0CC03}
	EndProjectSection
EndProject
Project("{FAE04EC0-301F-11D3-BF4B-00C04F79EFBC}") = "StringUtilities.Library", "StringUtilities.Library\StringUtilities.Library.csproj", "{9CFAAB2B-28AC-4997-A249-540398304795}"
EndProject
Project("{FAE04EC0-301F-11D3-BF4B-00C04F79EFBC}") = "StringUtilities.Web", "StringUtilities.Web\StringUtilities.Web.csproj", "{FE598AE1-A4EF-4E04-A565-DBFDE33FA19C}"
EndProject
Project("{FAE04EC0-301F-11D3-BF4B-00C04F79EFBC}") = "StringUtilities.ConsoleClient", "StringUtilities.ConsoleClient\StringUtilities.ConsoleClient.csproj", "{10BF4478-8F7B-4342-B20F-CFF76993F8C2}"
	ProjectSection(ProjectDependencies) = postProject
		{FE598AE1-A4EF-4E04-A565-DBFDE33FA19C} = {FE598AE1-A4EF-4E04-A565-DBFDE33FA19C}
	EndProjectSection
EndProject
Global
	GlobalSection(SolutionConfigurationPlatforms) = preSolution
		Debug|Any CPU = Debug|Any CPU
		Release|Any CPU = Release|Any CPU
	EndGlobalSection
	GlobalSection(ProjectConfigurationPlatforms) = postSolution
		{3DDDC41A-EA6A-48B4-9936-AF18C9D0CC03}.Debug|Any CPU.ActiveCfg = Debug|Any CPU
		{3DDDC41A-EA6A-48B4-9936-AF18C9D0CC03}.Debug|Any CPU.Build.0 = Debug|Any CPU
		{3DDDC41A-EA6A-48B4-9936-AF18C9D0CC03}.Release|Any CPU.ActiveCfg = Release|Any CPU
		{3DDDC41A-EA6A-48B4-9936-AF18C9D0CC03}.Release|Any CPU.Build.0 = Release|Any CPU
		{C5FE26E6-14AA-4061-9858-0643F3FCB96F}.Debug|Any CPU.ActiveCfg = Debug|Any CPU
		{C5FE26E6-14AA-4061-9858-0643F3FCB96F}.Debug|Any CPU.Build.0 = Debug|Any CPU
		{C5FE26E6-14AA-4061-9858-0643F3FCB96F}.Release|Any CPU.ActiveCfg = Release|Any CPU
		{C5FE26E6-14AA-4061-9858-0643F3FCB96F}.Release|Any CPU.Build.0 = Release|Any CPU
		{9CFAAB2B-28AC-4997-A249-540398304795}.Debug|Any CPU.ActiveCfg = Debug|Any CPU
		{9CFAAB2B-28AC-4997-A249-540398304795}.Debug|Any CPU.Build.0 = Debug|Any CPU
		{9CFAAB2B-28AC-4997-A249-540398304795}.Release|Any CPU.ActiveCfg = Release|Any CPU
		{9CFAAB2B-28AC-4997-A249-540398304795}.Release|Any CPU.Build.0 = Release|Any CPU
		{FE598AE1-A4EF-4E04-A565-DBFDE33FA19C}.Debug|Any CPU.ActiveCfg = Debug|Any CPU
		{FE598AE1-A4EF-4E04-A565-DBFDE33FA19C}.Debug|Any CPU.Build.0 = Debug|Any CPU
		{FE598AE1-A4EF-4E04-A565-DBFDE33FA19C}.Release|Any CPU.ActiveCfg = Release|Any CPU
		{FE598AE1-A4EF-4E04-A565-DBFDE33FA19C}.Release|Any CPU.Build.0 = Release|Any CPU
		{10BF4478-8F7B-4342-B20F-CFF76993F8C2}.Debug|Any CPU.ActiveCfg = Debug|Any CPU
		{10BF4478-8F7B-4342-B20F-CFF76993F8C2}.Debug|Any CPU.Build.0 = Debug|Any CPU
		{10BF4478-8F7B-4342-B20F-CFF76993F8C2}.Release|Any CPU.ActiveCfg = Release|Any CPU
		{10BF4478-8F7B-4342-B20F-CFF76993F8C2}.Release|Any CPU.Build.0 = Release|Any CPU
	EndGlobalSection
	GlobalSection(SolutionProperties) = preSolution
		HideSolutionNode = FALSE
	EndGlobalSection
EndGlobal
